
Microsoft Visual Studio Solution File, Format Version 12.00
# Visual Studio Version 17
VisualStudioVersion = 17.14.36518.9 d17.14
MinimumVisualStudioVersion = 10.0.40219.1
Project("{FAE04EC0-301F-11D3-BF4B-00C04F79EFBC}") = "SmartRecyclingApi", "SmartRecyclingApi\SmartRecyclingApi.csproj", "{AEE501D1-3EA1-487B-AB18-EAC6B6E2CB9A}"
EndProject
Global
	GlobalSection(SolutionConfigurationPlatforms) = preSolution
		Debug|Any CPU = Debug|Any CPU
		Release|Any CPU = Release|Any CPU
	EndGlobalSection
	GlobalSection(ProjectConfigurationPlatforms) = postSolution
		{AEE501D1-3EA1-487B-AB18-EAC6B6E2CB9A}.Debug|Any CPU.ActiveCfg = Debug|Any CPU
		{AEE501D1-3EA1-487B-AB18-EAC6B6E2CB9A}.Debug|Any CPU.Build.0 = Debug|Any CPU
		{AEE501D1-3EA1-487B-AB18-EAC6B6E2CB9A}.Release|Any CPU.ActiveCfg = Release|Any CPU
		{AEE501D1-3EA1-487B-AB18-EAC6B6E2CB9A}.Release|Any CPU.Build.0 = Release|Any CPU
	EndGlobalSection
	GlobalSection(SolutionProperties) = preSolution
		HideSolutionNode = FALSE
	EndGlobalSection
	GlobalSection(ExtensibilityGlobals) = postSolution
		SolutionGuid = {A759C2B7-7A45-4794-9AB7-08C2302411BA}
	EndGlobalSection
EndGlobal
